
Microsoft Visual Studio Solution File, Format Version 12.00
# Visual Studio 15
VisualStudioVersion = 15.0.27703.2042
MinimumVisualStudioVersion = 10.0.40219.1
Project("{FAE04EC0-301F-11D3-BF4B-00C04F79EFBC}") = "II CG 3-1", "II CG 3-1\II CG 3-1.csproj", "{BDB49933-3805-4267-AF7B-1513085DB33B}"
EndProject
Global
	GlobalSection(SolutionConfigurationPlatforms) = preSolution
		Debug|Any CPU = Debug|Any CPU
		Release|Any CPU = Release|Any CPU
	EndGlobalSection
	GlobalSection(ProjectConfigurationPlatforms) = postSolution
		{BDB49933-3805-4267-AF7B-1513085DB33B}.Debug|Any CPU.ActiveCfg = Debug|Any CPU
		{BDB49933-3805-4267-AF7B-1513085DB33B}.Debug|Any CPU.Build.0 = Debug|Any CPU
		{BDB49933-3805-4267-AF7B-1513085DB33B}.Release|Any CPU.ActiveCfg = Release|Any CPU
		{BDB49933-3805-4267-AF7B-1513085DB33B}.Release|Any CPU.Build.0 = Release|Any CPU
	EndGlobalSection
	GlobalSection(SolutionProperties) = preSolution
		HideSolutionNode = FALSE
	EndGlobalSection
	GlobalSection(ExtensibilityGlobals) = postSolution
		SolutionGuid = {C791255B-8108-4035-9690-E1877BB99C1C}
	EndGlobalSection
EndGlobal
